
Microsoft Visual Studio Solution File, Format Version 12.00
# Visual Studio Version 16
VisualStudioVersion = 16.0.29920.165
MinimumVisualStudioVersion = 10.0.40219.1
Project("{FAE04EC0-301F-11D3-BF4B-00C04F79EFBC}") = "SetupHelper", "SetupHelper\SetupHelper.csproj", "{4BBD6F42-9111-4452-A2C1-9E02F65592D2}"
EndProject
Project("{FAE04EC0-301F-11D3-BF4B-00C04F79EFBC}") = "clawPDF.Utilities", "clawPDF.Utilities\clawPDF.Utilities.csproj", "{EA29538B-89A5-4FB3-AE0F-5E2370E852F8}"
EndProject
Global
	GlobalSection(SolutionConfigurationPlatforms) = preSolution
		Debug|Any CPU = Debug|Any CPU
		Debug|x86 = Debug|x86
		Release|Any CPU = Release|Any CPU
		Release|x86 = Release|x86
	EndGlobalSection
	GlobalSection(ProjectConfigurationPlatforms) = postSolution
		{4BBD6F42-9111-4452-A2C1-9E02F65592D2}.Debug|Any CPU.ActiveCfg = Debug|Any CPU
		{4BBD6F42-9111-4452-A2C1-9E02F65592D2}.Debug|Any CPU.Build.0 = Debug|Any CPU
		{4BBD6F42-9111-4452-A2C1-9E02F65592D2}.Debug|x86.ActiveCfg = Debug|x86
		{4BBD6F42-9111-4452-A2C1-9E02F65592D2}.Debug|x86.Build.0 = Debug|x86
		{4BBD6F42-9111-4452-A2C1-9E02F65592D2}.Release|Any CPU.ActiveCfg = Release|Any CPU
		{4BBD6F42-9111-4452-A2C1-9E02F65592D2}.Release|Any CPU.Build.0 = Release|Any CPU
		{4BBD6F42-9111-4452-A2C1-9E02F65592D2}.Release|x86.ActiveCfg = Release|x86
		{4BBD6F42-9111-4452-A2C1-9E02F65592D2}.Release|x86.Build.0 = Release|x86
		{EA29538B-89A5-4FB3-AE0F-5E2370E852F8}.Debug|Any CPU.ActiveCfg = Debug|Any CPU
		{EA29538B-89A5-4FB3-AE0F-5E2370E852F8}.Debug|Any CPU.Build.0 = Debug|Any CPU
		{EA29538B-89A5-4FB3-AE0F-5E2370E852F8}.Debug|x86.ActiveCfg = Debug|Any CPU
		{EA29538B-89A5-4FB3-AE0F-5E2370E852F8}.Debug|x86.Build.0 = Debug|Any CPU
		{EA29538B-89A5-4FB3-AE0F-5E2370E852F8}.Release|Any CPU.ActiveCfg = Release|Any CPU
		{EA29538B-89A5-4FB3-AE0F-5E2370E852F8}.Release|Any CPU.Build.0 = Release|Any CPU
		{EA29538B-89A5-4FB3-AE0F-5E2370E852F8}.Release|x86.ActiveCfg = Release|Any CPU
		{EA29538B-89A5-4FB3-AE0F-5E2370E852F8}.Release|x86.Build.0 = Release|Any CPU
	EndGlobalSection
	GlobalSection(SolutionProperties) = preSolution
		HideSolutionNode = FALSE
	EndGlobalSection
	GlobalSection(ExtensibilityGlobals) = postSolution
		SolutionGuid = {A381A378-5103-41AB-A681-68A219B6BAD4}
	EndGlobalSection
EndGlobal
